// !$*UTF8*$!
{
	archiveVersion = 1;
	classes = {
	};
	objectVersion = 55;
	objects = {

/* Begin PBXBuildFile section */
		3B8BFC79285755FF0095B2A7 /* DevoteApp.swift in Sources */ = {isa = PBXBuildFile; fileRef = 3B8BFC78285755FF0095B2A7 /* DevoteApp.swift */; };
		3B8BFC7B285755FF0095B2A7 /* ContentView.swift in Sources */ = {isa = PBXBuildFile; fileRef = 3B8BFC7A285755FF0095B2A7 /* ContentView.swift */; };
		3B8BFC7D285756010095B2A7 /* Assets.xcassets in Resources */ = {isa = PBXBuildFile; fileRef = 3B8BFC7C285756010095B2A7 /* Assets.xcassets */; };
		3B8BFC80285756010095B2A7 /* Preview Assets.xcassets in Resources */ = {isa = PBXBuildFile; fileRef = 3B8BFC7F285756010095B2A7 /* Preview Assets.xcassets */; };
		3B8BFC82285756010095B2A7 /* Persistence.swift in Sources */ = {isa = PBXBuildFile; fileRef = 3B8BFC81285756010095B2A7 /* Persistence.swift */; };
		3B8BFC85285756010095B2A7 /* Devote.xcdatamodeld in Sources */ = {isa = PBXBuildFile; fileRef = 3B8BFC83285756010095B2A7 /* Devote.xcdatamodeld */; };
		3B8BFC8E285756C80095B2A7 /* sound-ding.mp3 in Resources */ = {isa = PBXBuildFile; fileRef = 3B8BFC8B285756C80095B2A7 /* sound-ding.mp3 */; };
		3B8BFC8F285756C80095B2A7 /* sound-rise.mp3 in Resources */ = {isa = PBXBuildFile; fileRef = 3B8BFC8C285756C80095B2A7 /* sound-rise.mp3 */; };
		3B8BFC90285756C80095B2A7 /* sound-tap.mp3 in Resources */ = {isa = PBXBuildFile; fileRef = 3B8BFC8D285756C80095B2A7 /* sound-tap.mp3 */; };
		3B8BFC9928582A1D0095B2A7 /* HideKeyboardExtension.swift in Sources */ = {isa = PBXBuildFile; fileRef = 3B8BFC9828582A1D0095B2A7 /* HideKeyboardExtension.swift */; };
		3B8BFC9B285842D40095B2A7 /* Constant.swift in Sources */ = {isa = PBXBuildFile; fileRef = 3B8BFC9A285842D40095B2A7 /* Constant.swift */; };
		3B8BFC9D285844D60095B2A7 /* BackgroundImageView.swift in Sources */ = {isa = PBXBuildFile; fileRef = 3B8BFC9C285844D60095B2A7 /* BackgroundImageView.swift */; };
		3B8BFC9F285845DB0095B2A7 /* NewTaskItemView.swift in Sources */ = {isa = PBXBuildFile; fileRef = 3B8BFC9E285845DB0095B2A7 /* NewTaskItemView.swift */; };
		3B8BFCA128584BE60095B2A7 /* BlankView.swift in Sources */ = {isa = PBXBuildFile; fileRef = 3B8BFCA028584BE60095B2A7 /* BlankView.swift */; };
		3B8BFCA3285868E20095B2A7 /* ListRowItemView.swift in Sources */ = {isa = PBXBuildFile; fileRef = 3B8BFCA2285868E20095B2A7 /* ListRowItemView.swift */; };
		3B8BFCA528586BD90095B2A7 /* CheckboxStyle.swift in Sources */ = {isa = PBXBuildFile; fileRef = 3B8BFCA428586BD90095B2A7 /* CheckboxStyle.swift */; };
		3B8BFCA728589BC70095B2A7 /* SoundPlayer.swift in Sources */ = {isa = PBXBuildFile; fileRef = 3B8BFCA628589BC70095B2A7 /* SoundPlayer.swift */; };
		3B8BFCAF2859A4130095B2A7 /* WidgetKit.framework in Frameworks */ = {isa = PBXBuildFile; fileRef = 3B8BFCAE2859A4120095B2A7 /* WidgetKit.framework */; };
		3B8BFCB12859A4130095B2A7 /* SwiftUI.framework in Frameworks */ = {isa = PBXBuildFile; fileRef = 3B8BFCB02859A4130095B2A7 /* SwiftUI.framework */; };
		3B8BFCB42859A4130095B2A7 /* DevoteWidget.swift in Sources */ = {isa = PBXBuildFile; fileRef = 3B8BFCB32859A4130095B2A7 /* DevoteWidget.swift */; };
		3B8BFCB62859A4160095B2A7 /* Assets.xcassets in Resources */ = {isa = PBXBuildFile; fileRef = 3B8BFCB52859A4160095B2A7 /* Assets.xcassets */; };
		3B8BFCBA2859A4160095B2A7 /* DevoteWidgetExtension.appex in Embed App Extensions */ = {isa = PBXBuildFile; fileRef = 3B8BFCAC2859A4120095B2A7 /* DevoteWidgetExtension.appex */; settings = {ATTRIBUTES = (RemoveHeadersOnCopy, ); }; };
		3B8BFCBF2859B1560095B2A7 /* Assets.xcassets in Resources */ = {isa = PBXBuildFile; fileRef = 3B8BFC7C285756010095B2A7 /* Assets.xcassets */; };
		3B8BFCC02859B2030095B2A7 /* Constant.swift in Sources */ = {isa = PBXBuildFile; fileRef = 3B8BFC9A285842D40095B2A7 /* Constant.swift */; };
/* End PBXBuildFile section */

/* Begin PBXContainerItemProxy section */
		3B8BFCB82859A4160095B2A7 /* PBXContainerItemProxy */ = {
			isa = PBXContainerItemProxy;
			containerPortal = 3B8BFC6D285755FF0095B2A7 /* Project object */;
			proxyType = 1;
			remoteGlobalIDString = 3B8BFCAB2859A4120095B2A7;
			remoteInfo = DevoteWidgetExtension;
		};
/* End PBXContainerItemProxy section */

/* Begin PBXCopyFilesBuildPhase section */
		3B8BFCBE2859A4160095B2A7 /* Embed App Extensions */ = {
			isa = PBXCopyFilesBuildPhase;
			buildActionMask = 2147483647;
			dstPath = "";
			dstSubfolderSpec = 13;
			files = (
				3B8BFCBA2859A4160095B2A7 /* DevoteWidgetExtension.appex in Embed App Extensions */,
			);
			name = "Embed App Extensions";
			runOnlyForDeploymentPostprocessing = 0;
		};
/* End PBXCopyFilesBuildPhase section */

/* Begin PBXFileReference section */
		3B8BFC75285755FF0095B2A7 /* Devote.app */ = {isa = PBXFileReference; explicitFileType = wrapper.application; includeInIndex = 0; path = Devote.app; sourceTree = BUILT_PRODUCTS_DIR; };
		3B8BFC78285755FF0095B2A7 /* DevoteApp.swift */ = {isa = PBXFileReference; lastKnownFileType = sourcecode.swift; path = DevoteApp.swift; sourceTree = "<group>"; };
		3B8BFC7A285755FF0095B2A7 /* ContentView.swift */ = {isa = PBXFileReference; lastKnownFileType = sourcecode.swift; path = ContentView.swift; sourceTree = "<group>"; };
		3B8BFC7C285756010095B2A7 /* Assets.xcassets */ = {isa = PBXFileReference; lastKnownFileType = folder.assetcatalog; path = Assets.xcassets; sourceTree = "<group>"; };
		3B8BFC7F285756010095B2A7 /* Preview Assets.xcassets */ = {isa = PBXFileReference; lastKnownFileType = folder.assetcatalog; path = "Preview Assets.xcassets"; sourceTree = "<group>"; };
		3B8BFC81285756010095B2A7 /* Persistence.swift */ = {isa = PBXFileReference; lastKnownFileType = sourcecode.swift; path = Persistence.swift; sourceTree = "<group>"; };
		3B8BFC84285756010095B2A7 /* Devote.xcdatamodel */ = {isa = PBXFileReference; lastKnownFileType = wrapper.xcdatamodel; path = Devote.xcdatamodel; sourceTree = "<group>"; };
		3B8BFC8B285756C80095B2A7 /* sound-ding.mp3 */ = {isa = PBXFileReference; lastKnownFileType = audio.mp3; path = "sound-ding.mp3"; sourceTree = "<group>"; };
		3B8BFC8C285756C80095B2A7 /* sound-rise.mp3 */ = {isa = PBXFileReference; lastKnownFileType = audio.mp3; path = "sound-rise.mp3"; sourceTree = "<group>"; };
		3B8BFC8D285756C80095B2A7 /* sound-tap.mp3 */ = {isa = PBXFileReference; lastKnownFileType = audio.mp3; path = "sound-tap.mp3"; sourceTree = "<group>"; };
		3B8BFC97285757A50095B2A7 /* Info.plist */ = {isa = PBXFileReference; lastKnownFileType = text.plist; path = Info.plist; sourceTree = "<group>"; };
		3B8BFC9828582A1D0095B2A7 /* HideKeyboardExtension.swift */ = {isa = PBXFileReference; lastKnownFileType = sourcecode.swift; path = HideKeyboardExtension.swift; sourceTree = "<group>"; };
		3B8BFC9A285842D40095B2A7 /* Constant.swift */ = {isa = PBXFileReference; lastKnownFileType = sourcecode.swift; path = Constant.swift; sourceTree = "<group>"; };
		3B8BFC9C285844D60095B2A7 /* BackgroundImageView.swift */ = {isa = PBXFileReference; lastKnownFileType = sourcecode.swift; path = BackgroundImageView.swift; sourceTree = "<group>"; };
		3B8BFC9E285845DB0095B2A7 /* NewTaskItemView.swift */ = {isa = PBXFileReference; lastKnownFileType = sourcecode.swift; path = NewTaskItemView.swift; sourceTree = "<group>"; };
		3B8BFCA028584BE60095B2A7 /* BlankView.swift */ = {isa = PBXFileReference; lastKnownFileType = sourcecode.swift; path = BlankView.swift; sourceTree = "<group>"; };
		3B8BFCA2285868E20095B2A7 /* ListRowItemView.swift */ = {isa = PBXFileReference; lastKnownFileType = sourcecode.swift; path = ListRowItemView.swift; sourceTree = "<group>"; };
		3B8BFCA428586BD90095B2A7 /* CheckboxStyle.swift */ = {isa = PBXFileReference; lastKnownFileType = sourcecode.swift; path = CheckboxStyle.swift; sourceTree = "<group>"; };
		3B8BFCA628589BC70095B2A7 /* SoundPlayer.swift */ = {isa = PBXFileReference; lastKnownFileType = sourcecode.swift; path = SoundPlayer.swift; sourceTree = "<group>"; };
		3B8BFCAC2859A4120095B2A7 /* DevoteWidgetExtension.appex */ = {isa = PBXFileReference; explicitFileType = "wrapper.app-extension"; includeInIndex = 0; path = DevoteWidgetExtension.appex; sourceTree = BUILT_PRODUCTS_DIR; };
		3B8BFCAE2859A4120095B2A7 /* WidgetKit.framework */ = {isa = PBXFileReference; lastKnownFileType = wrapper.framework; name = WidgetKit.framework; path = System/Library/Frameworks/WidgetKit.framework; sourceTree = SDKROOT; };
		3B8BFCB02859A4130095B2A7 /* SwiftUI.framework */ = {isa = PBXFileReference; lastKnownFileType = wrapper.framework; name = SwiftUI.framework; path = System/Library/Frameworks/SwiftUI.framework; sourceTree = SDKROOT; };
		3B8BFCB32859A4130095B2A7 /* DevoteWidget.swift */ = {isa = PBXFileReference; lastKnownFileType = sourcecode.swift; path = DevoteWidget.swift; sourceTree = "<group>"; };
		3B8BFCB52859A4160095B2A7 /* Assets.xcassets */ = {isa = PBXFileReference; lastKnownFileType = folder.assetcatalog; path = Assets.xcassets; sourceTree = "<group>"; };
		3B8BFCB72859A4160095B2A7 /* Info.plist */ = {isa = PBXFileReference; lastKnownFileType = text.plist.xml; path = Info.plist; sourceTree = "<group>"; };
/* End PBXFileReference section */

/* Begin PBXFrameworksBuildPhase section */
		3B8BFC72285755FF0095B2A7 /* Frameworks */ = {
			isa = PBXFrameworksBuildPhase;
			buildActionMask = 2147483647;
			files = (
			);
			runOnlyForDeploymentPostprocessing = 0;
		};
		3B8BFCA92859A4120095B2A7 /* Frameworks */ = {
			isa = PBXFrameworksBuildPhase;
			buildActionMask = 2147483647;
			files = (
				3B8BFCB12859A4130095B2A7 /* SwiftUI.framework in Frameworks */,
				3B8BFCAF2859A4130095B2A7 /* WidgetKit.framework in Frameworks */,
			);
			runOnlyForDeploymentPostprocessing = 0;
		};
/* End PBXFrameworksBuildPhase section */

/* Begin PBXGroup section */
		3B8BFC6C285755FF0095B2A7 = {
			isa = PBXGroup;
			children = (
				3B8BFC77285755FF0095B2A7 /* Devote */,
				3B8BFCB22859A4130095B2A7 /* DevoteWidget */,
				3B8BFCAD2859A4120095B2A7 /* Frameworks */,
				3B8BFC76285755FF0095B2A7 /* Products */,
			);
			sourceTree = "<group>";
		};
		3B8BFC76285755FF0095B2A7 /* Products */ = {
			isa = PBXGroup;
			children = (
				3B8BFC75285755FF0095B2A7 /* Devote.app */,
				3B8BFCAC2859A4120095B2A7 /* DevoteWidgetExtension.appex */,
			);
			name = Products;
			sourceTree = "<group>";
		};
		3B8BFC77285755FF0095B2A7 /* Devote */ = {
			isa = PBXGroup;
			children = (
				3B8BFC97285757A50095B2A7 /* Info.plist */,
				3B8BFC78285755FF0095B2A7 /* DevoteApp.swift */,
				3B8BFC922857570C0095B2A7 /* View */,
				3B8BFC962857574E0095B2A7 /* Model */,
				3B8BFC952857572E0095B2A7 /* Style */,
				3B8BFC942857571D0095B2A7 /* Utility */,
				3B8BFC93285757140095B2A7 /* Extension */,
				3B8BFC91285756E90095B2A7 /* Sound */,
				3B8BFC7C285756010095B2A7 /* Assets.xcassets */,
				3B8BFC7E285756010095B2A7 /* Preview Content */,
			);
			path = Devote;
			sourceTree = "<group>";
		};
		3B8BFC7E285756010095B2A7 /* Preview Content */ = {
			isa = PBXGroup;
			children = (
				3B8BFC7F285756010095B2A7 /* Preview Assets.xcassets */,
			);
			path = "Preview Content";
			sourceTree = "<group>";
		};
		3B8BFC91285756E90095B2A7 /* Sound */ = {
			isa = PBXGroup;
			children = (
				3B8BFC8B285756C80095B2A7 /* sound-ding.mp3 */,
				3B8BFC8C285756C80095B2A7 /* sound-rise.mp3 */,
				3B8BFC8D285756C80095B2A7 /* sound-tap.mp3 */,
			);
			path = Sound;
			sourceTree = "<group>";
		};
		3B8BFC922857570C0095B2A7 /* View */ = {
			isa = PBXGroup;
			children = (
				3B8BFC7A285755FF0095B2A7 /* ContentView.swift */,
				3B8BFC9C285844D60095B2A7 /* BackgroundImageView.swift */,
				3B8BFC9E285845DB0095B2A7 /* NewTaskItemView.swift */,
				3B8BFCA028584BE60095B2A7 /* BlankView.swift */,
				3B8BFCA2285868E20095B2A7 /* ListRowItemView.swift */,
			);
			path = View;
			sourceTree = "<group>";
		};
		3B8BFC93285757140095B2A7 /* Extension */ = {
			isa = PBXGroup;
			children = (
				3B8BFC9828582A1D0095B2A7 /* HideKeyboardExtension.swift */,
			);
			path = Extension;
			sourceTree = "<group>";
		};
		3B8BFC942857571D0095B2A7 /* Utility */ = {
			isa = PBXGroup;
			children = (
				3B8BFC9A285842D40095B2A7 /* Constant.swift */,
				3B8BFCA628589BC70095B2A7 /* SoundPlayer.swift */,
			);
			path = Utility;
			sourceTree = "<group>";
		};
		3B8BFC952857572E0095B2A7 /* Style */ = {
			isa = PBXGroup;
			children = (
				3B8BFCA428586BD90095B2A7 /* CheckboxStyle.swift */,
			);
			path = Style;
			sourceTree = "<group>";
		};
		3B8BFC962857574E0095B2A7 /* Model */ = {
			isa = PBXGroup;
			children = (
				3B8BFC81285756010095B2A7 /* Persistence.swift */,
				3B8BFC83285756010095B2A7 /* Devote.xcdatamodeld */,
			);
			path = Model;
			sourceTree = "<group>";
		};
		3B8BFCAD2859A4120095B2A7 /* Frameworks */ = {
			isa = PBXGroup;
			children = (
				3B8BFCAE2859A4120095B2A7 /* WidgetKit.framework */,
				3B8BFCB02859A4130095B2A7 /* SwiftUI.framework */,
			);
			name = Frameworks;
			sourceTree = "<group>";
		};
		3B8BFCB22859A4130095B2A7 /* DevoteWidget */ = {
			isa = PBXGroup;
			children = (
				3B8BFCB32859A4130095B2A7 /* DevoteWidget.swift */,
				3B8BFCB52859A4160095B2A7 /* Assets.xcassets */,
				3B8BFCB72859A4160095B2A7 /* Info.plist */,
			);
			path = DevoteWidget;
			sourceTree = "<group>";
		};
/* End PBXGroup section */

/* Begin PBXNativeTarget section */
		3B8BFC74285755FF0095B2A7 /* Devote */ = {
			isa = PBXNativeTarget;
			buildConfigurationList = 3B8BFC88285756010095B2A7 /* Build configuration list for PBXNativeTarget "Devote" */;
			buildPhases = (
				3B8BFC71285755FF0095B2A7 /* Sources */,
				3B8BFC72285755FF0095B2A7 /* Frameworks */,
				3B8BFC73285755FF0095B2A7 /* Resources */,
				3B8BFCBE2859A4160095B2A7 /* Embed App Extensions */,
			);
			buildRules = (
			);
			dependencies = (
				3B8BFCB92859A4160095B2A7 /* PBXTargetDependency */,
			);
			name = Devote;
			productName = Devote;
			productReference = 3B8BFC75285755FF0095B2A7 /* Devote.app */;
			productType = "com.apple.product-type.application";
		};
		3B8BFCAB2859A4120095B2A7 /* DevoteWidgetExtension */ = {
			isa = PBXNativeTarget;
			buildConfigurationList = 3B8BFCBB2859A4160095B2A7 /* Build configuration list for PBXNativeTarget "DevoteWidgetExtension" */;
			buildPhases = (
				3B8BFCA82859A4120095B2A7 /* Sources */,
				3B8BFCA92859A4120095B2A7 /* Frameworks */,
				3B8BFCAA2859A4120095B2A7 /* Resources */,
			);
			buildRules = (
			);
			dependencies = (
			);
			name = DevoteWidgetExtension;
			productName = DevoteWidgetExtension;
			productReference = 3B8BFCAC2859A4120095B2A7 /* DevoteWidgetExtension.appex */;
			productType = "com.apple.product-type.app-extension";
		};
/* End PBXNativeTarget section */

/* Begin PBXProject section */
		3B8BFC6D285755FF0095B2A7 /* Project object */ = {
			isa = PBXProject;
			attributes = {
				BuildIndependentTargetsInParallel = 1;
				LastSwiftUpdateCheck = 1340;
				LastUpgradeCheck = 1340;
				TargetAttributes = {
					3B8BFC74285755FF0095B2A7 = {
						CreatedOnToolsVersion = 13.4;
					};
					3B8BFCAB2859A4120095B2A7 = {
						CreatedOnToolsVersion = 13.4;
					};
				};
			};
			buildConfigurationList = 3B8BFC70285755FF0095B2A7 /* Build configuration list for PBXProject "Devote" */;
			compatibilityVersion = "Xcode 13.0";
			developmentRegion = en;
			hasScannedForEncodings = 0;
			knownRegions = (
				en,
				Base,
			);
			mainGroup = 3B8BFC6C285755FF0095B2A7;
			productRefGroup = 3B8BFC76285755FF0095B2A7 /* Products */;
			projectDirPath = "";
			projectRoot = "";
			targets = (
				3B8BFC74285755FF0095B2A7 /* Devote */,
				3B8BFCAB2859A4120095B2A7 /* DevoteWidgetExtension */,
			);
		};
/* End PBXProject section */

/* Begin PBXResourcesBuildPhase section */
		3B8BFC73285755FF0095B2A7 /* Resources */ = {
			isa = PBXResourcesBuildPhase;
			buildActionMask = 2147483647;
			files = (
				3B8BFC80285756010095B2A7 /* Preview Assets.xcassets in Resources */,
				3B8BFC8F285756C80095B2A7 /* sound-rise.mp3 in Resources */,
				3B8BFC7D285756010095B2A7 /* Assets.xcassets in Resources */,
				3B8BFC90285756C80095B2A7 /* sound-tap.mp3 in Resources */,
				3B8BFC8E285756C80095B2A7 /* sound-ding.mp3 in Resources */,
			);
			runOnlyForDeploymentPostprocessing = 0;
		};
		3B8BFCAA2859A4120095B2A7 /* Resources */ = {
			isa = PBXResourcesBuildPhase;
			buildActionMask = 2147483647;
			files = (
				3B8BFCBF2859B1560095B2A7 /* Assets.xcassets in Resources */,
				3B8BFCB62859A4160095B2A7 /* Assets.xcassets in Resources */,
			);
			runOnlyForDeploymentPostprocessing = 0;
		};
/* End PBXResourcesBuildPhase section */

/* Begin PBXSourcesBuildPhase section */
		3B8BFC71285755FF0095B2A7 /* Sources */ = {
			isa = PBXSourcesBuildPhase;
			buildActionMask = 2147483647;
			files = (
				3B8BFC82285756010095B2A7 /* Persistence.swift in Sources */,
				3B8BFC9D285844D60095B2A7 /* BackgroundImageView.swift in Sources */,
				3B8BFC7B285755FF0095B2A7 /* ContentView.swift in Sources */,
				3B8BFC9928582A1D0095B2A7 /* HideKeyboardExtension.swift in Sources */,
				3B8BFCA128584BE60095B2A7 /* BlankView.swift in Sources */,
				3B8BFC85285756010095B2A7 /* Devote.xcdatamodeld in Sources */,
				3B8BFCA3285868E20095B2A7 /* ListRowItemView.swift in Sources */,
				3B8BFC79285755FF0095B2A7 /* DevoteApp.swift in Sources */,
				3B8BFC9B285842D40095B2A7 /* Constant.swift in Sources */,
				3B8BFCA528586BD90095B2A7 /* CheckboxStyle.swift in Sources */,
				3B8BFCA728589BC70095B2A7 /* SoundPlayer.swift in Sources */,
				3B8BFC9F285845DB0095B2A7 /* NewTaskItemView.swift in Sources */,
			);
			runOnlyForDeploymentPostprocessing = 0;
		};
		3B8BFCA82859A4120095B2A7 /* Sources */ = {
			isa = PBXSourcesBuildPhase;
			buildActionMask = 2147483647;
			files = (
				3B8BFCB42859A4130095B2A7 /* DevoteWidget.swift in Sources */,
				3B8BFCC02859B2030095B2A7 /* Constant.swift in Sources */,
			);
			runOnlyForDeploymentPostprocessing = 0;
		};
/* End PBXSourcesBuildPhase section */

/* Begin PBXTargetDependency section */
		3B8BFCB92859A4160095B2A7 /* PBXTargetDependency */ = {
			isa = PBXTargetDependency;
			target = 3B8BFCAB2859A4120095B2A7 /* DevoteWidgetExtension */;
			targetProxy = 3B8BFCB82859A4160095B2A7 /* PBXContainerItemProxy */;
		};
/* End PBXTargetDependency section */

/* Begin XCBuildConfiguration section */
		3B8BFC86285756010095B2A7 /* Debug */ = {
			isa = XCBuildConfiguration;
			buildSettings = {
				ALWAYS_SEARCH_USER_PATHS = NO;
				CLANG_ANALYZER_NONNULL = YES;
				CLANG_ANALYZER_NUMBER_OBJECT_CONVERSION = YES_AGGRESSIVE;
				CLANG_CXX_LANGUAGE_STANDARD = "gnu++17";
				CLANG_ENABLE_MODULES = YES;
				CLANG_ENABLE_OBJC_ARC = YES;
				CLANG_ENABLE_OBJC_WEAK = YES;
				CLANG_WARN_BLOCK_CAPTURE_AUTORELEASING = YES;
				CLANG_WARN_BOOL_CONVERSION = YES;
				CLANG_WARN_COMMA = YES;
				CLANG_WARN_CONSTANT_CONVERSION = YES;
				CLANG_WARN_DEPRECATED_OBJC_IMPLEMENTATIONS = YES;
				CLANG_WARN_DIRECT_OBJC_ISA_USAGE = YES_ERROR;
				CLANG_WARN_DOCUMENTATION_COMMENTS = YES;
				CLANG_WARN_EMPTY_BODY = YES;
				CLANG_WARN_ENUM_CONVERSION = YES;
				CLANG_WARN_INFINITE_RECURSION = YES;
				CLANG_WARN_INT_CONVERSION = YES;
				CLANG_WARN_NON_LITERAL_NULL_CONVERSION = YES;
				CLANG_WARN_OBJC_IMPLICIT_RETAIN_SELF = YES;
				CLANG_WARN_OBJC_LITERAL_CONVERSION = YES;
				CLANG_WARN_OBJC_ROOT_CLASS = YES_ERROR;
				CLANG_WARN_QUOTED_INCLUDE_IN_FRAMEWORK_HEADER = YES;
				CLANG_WARN_RANGE_LOOP_ANALYSIS = YES;
				CLANG_WARN_STRICT_PROTOTYPES = YES;
				CLANG_WARN_SUSPICIOUS_MOVE = YES;
				CLANG_WARN_UNGUARDED_AVAILABILITY = YES_AGGRESSIVE;
				CLANG_WARN_UNREACHABLE_CODE = YES;
				CLANG_WARN__DUPLICATE_METHOD_MATCH = YES;
				COPY_PHASE_STRIP = NO;
				DEBUG_INFORMATION_FORMAT = dwarf;
				ENABLE_STRICT_OBJC_MSGSEND = YES;
				ENABLE_TESTABILITY = YES;
				GCC_C_LANGUAGE_STANDARD = gnu11;
				GCC_DYNAMIC_NO_PIC = NO;
				GCC_NO_COMMON_BLOCKS = YES;
				GCC_OPTIMIZATION_LEVEL = 0;
				GCC_PREPROCESSOR_DEFINITIONS = (
					"DEBUG=1",
					"$(inherited)",
				);
				GCC_WARN_64_TO_32_BIT_CONVERSION = YES;
				GCC_WARN_ABOUT_RETURN_TYPE = YES_ERROR;
				GCC_WARN_UNDECLARED_SELECTOR = YES;
				GCC_WARN_UNINITIALIZED_AUTOS = YES_AGGRESSIVE;
				GCC_WARN_UNUSED_FUNCTION = YES;
				GCC_WARN_UNUSED_VARIABLE = YES;
				IPHONEOS_DEPLOYMENT_TARGET = 15.5;
				MTL_ENABLE_DEBUG_INFO = INCLUDE_SOURCE;
				MTL_FAST_MATH = YES;
				ONLY_ACTIVE_ARCH = YES;
				SDKROOT = iphoneos;
				SWIFT_ACTIVE_COMPILATION_CONDITIONS = DEBUG;
				SWIFT_OPTIMIZATION_LEVEL = "-Onone";
			};
			name = Debug;
		};
		3B8BFC87285756010095B2A7 /* Release */ = {
			isa = XCBuildConfiguration;
			buildSettings = {
				ALWAYS_SEARCH_USER_PATHS = NO;
				CLANG_ANALYZER_NONNULL = YES;
				CLANG_ANALYZER_NUMBER_OBJECT_CONVERSION = YES_AGGRESSIVE;
				CLANG_CXX_LANGUAGE_STANDARD = "gnu++17";
				CLANG_ENABLE_MODULES = YES;
				CLANG_ENABLE_OBJC_ARC = YES;
				CLANG_ENABLE_OBJC_WEAK = YES;
				CLANG_WARN_BLOCK_CAPTURE_AUTORELEASING = YES;
				CLANG_WARN_BOOL_CONVERSION = YES;
				CLANG_WARN_COMMA = YES;
				CLANG_WARN_CONSTANT_CONVERSION = YES;
				CLANG_WARN_DEPRECATED_OBJC_IMPLEMENTATIONS = YES;
				CLANG_WARN_DIRECT_OBJC_ISA_USAGE = YES_ERROR;
				CLANG_WARN_DOCUMENTATION_COMMENTS = YES;
				CLANG_WARN_EMPTY_BODY = YES;
				CLANG_WARN_ENUM_CONVERSION = YES;
				CLANG_WARN_INFINITE_RECURSION = YES;
				CLANG_WARN_INT_CONVERSION = YES;
				CLANG_WARN_NON_LITERAL_NULL_CONVERSION = YES;
				CLANG_WARN_OBJC_IMPLICIT_RETAIN_SELF = YES;
				CLANG_WARN_OBJC_LITERAL_CONVERSION = YES;
				CLANG_WARN_OBJC_ROOT_CLASS = YES_ERROR;
				CLANG_WARN_QUOTED_INCLUDE_IN_FRAMEWORK_HEADER = YES;
				CLANG_WARN_RANGE_LOOP_ANALYSIS = YES;
				CLANG_WARN_STRICT_PROTOTYPES = YES;
				CLANG_WARN_SUSPICIOUS_MOVE = YES;
				CLANG_WARN_UNGUARDED_AVAILABILITY = YES_AGGRESSIVE;
				CLANG_WARN_UNREACHABLE_CODE = YES;
				CLANG_WARN__DUPLICATE_METHOD_MATCH = YES;
				COPY_PHASE_STRIP = NO;
				DEBUG_INFORMATION_FORMAT = "dwarf-with-dsym";
				ENABLE_NS_ASSERTIONS = NO;
				ENABLE_STRICT_OBJC_MSGSEND = YES;
				GCC_C_LANGUAGE_STANDARD = gnu11;
				GCC_NO_COMMON_BLOCKS = YES;
				GCC_WARN_64_TO_32_BIT_CONVERSION = YES;
				GCC_WARN_ABOUT_RETURN_TYPE = YES_ERROR;
				GCC_WARN_UNDECLARED_SELECTOR = YES;
				GCC_WARN_UNINITIALIZED_AUTOS = YES_AGGRESSIVE;
				GCC_WARN_UNUSED_FUNCTION = YES;
				GCC_WARN_UNUSED_VARIABLE = YES;
				IPHONEOS_DEPLOYMENT_TARGET = 15.5;
				MTL_ENABLE_DEBUG_INFO = NO;
				MTL_FAST_MATH = YES;
				SDKROOT = iphoneos;
				SWIFT_COMPILATION_MODE = wholemodule;
				SWIFT_OPTIMIZATION_LEVEL = "-O";
				VALIDATE_PRODUCT = YES;
			};
			name = Release;
		};
		3B8BFC89285756010095B2A7 /* Debug */ = {
			isa = XCBuildConfiguration;
			buildSettings = {
				ALWAYS_EMBED_SWIFT_STANDARD_LIBRARIES = YES;
				ASSETCATALOG_COMPILER_APPICON_NAME = AppIcon;
				ASSETCATALOG_COMPILER_GLOBAL_ACCENT_COLOR_NAME = AccentColor;
				CODE_SIGN_STYLE = Automatic;
				CURRENT_PROJECT_VERSION = 1;
				DEVELOPMENT_ASSET_PATHS = "\"Devote/Preview Content\"";
				DEVELOPMENT_TEAM = 3YXB94SL23;
				ENABLE_PREVIEWS = YES;
				GENERATE_INFOPLIST_FILE = YES;
				INFOPLIST_FILE = Devote/Info.plist;
				INFOPLIST_KEY_UIApplicationSceneManifest_Generation = YES;
				INFOPLIST_KEY_UIApplicationSupportsIndirectInputEvents = YES;
				INFOPLIST_KEY_UISupportedInterfaceOrientations_iPad = "UIInterfaceOrientationPortrait UIInterfaceOrientationPortraitUpsideDown UIInterfaceOrientationLandscapeLeft UIInterfaceOrientationLandscapeRight";
				INFOPLIST_KEY_UISupportedInterfaceOrientations_iPhone = "UIInterfaceOrientationPortrait UIInterfaceOrientationLandscapeLeft UIInterfaceOrientationLandscapeRight";
				LD_RUNPATH_SEARCH_PATHS = (
					"$(inherited)",
					"@executable_path/Frameworks",
				);
				MARKETING_VERSION = 1.0;
				PRODUCT_BUNDLE_IDENTIFIER = com.mindtree.Devote;
				PRODUCT_NAME = "$(TARGET_NAME)";
				SWIFT_EMIT_LOC_STRINGS = YES;
				SWIFT_VERSION = 5.0;
				TARGETED_DEVICE_FAMILY = "1,2";
			};
			name = Debug;
		};
		3B8BFC8A285756010095B2A7 /* Release */ = {
			isa = XCBuildConfiguration;
			buildSettings = {
				ALWAYS_EMBED_SWIFT_STANDARD_LIBRARIES = YES;
				ASSETCATALOG_COMPILER_APPICON_NAME = AppIcon;
				ASSETCATALOG_COMPILER_GLOBAL_ACCENT_COLOR_NAME = AccentColor;
				CODE_SIGN_STYLE = Automatic;
				CURRENT_PROJECT_VERSION = 1;
				DEVELOPMENT_ASSET_PATHS = "\"Devote/Preview Content\"";
				DEVELOPMENT_TEAM = 3YXB94SL23;
				ENABLE_PREVIEWS = YES;
				GENERATE_INFOPLIST_FILE = YES;
				INFOPLIST_FILE = Devote/Info.plist;
				INFOPLIST_KEY_UIApplicationSceneManifest_Generation = YES;
				INFOPLIST_KEY_UIApplicationSupportsIndirectInputEvents = YES;
				INFOPLIST_KEY_UISupportedInterfaceOrientations_iPad = "UIInterfaceOrientationPortrait UIInterfaceOrientationPortraitUpsideDown UIInterfaceOrientationLandscapeLeft UIInterfaceOrientationLandscapeRight";
				INFOPLIST_KEY_UISupportedInterfaceOrientations_iPhone = "UIInterfaceOrientationPortrait UIInterfaceOrientationLandscapeLeft UIInterfaceOrientationLandscapeRight";
				LD_RUNPATH_SEARCH_PATHS = (
					"$(inherited)",
					"@executable_path/Frameworks",
				);
				MARKETING_VERSION = 1.0;
				PRODUCT_BUNDLE_IDENTIFIER = com.mindtree.Devote;
				PRODUCT_NAME = "$(TARGET_NAME)";
				SWIFT_EMIT_LOC_STRINGS = YES;
				SWIFT_VERSION = 5.0;
				TARGETED_DEVICE_FAMILY = "1,2";
			};
			name = Release;
		};
		3B8BFCBC2859A4160095B2A7 /* Debug */ = {
			isa = XCBuildConfiguration;
			buildSettings = {
				ASSETCATALOG_COMPILER_GLOBAL_ACCENT_COLOR_NAME = AccentColor;
				ASSETCATALOG_COMPILER_WIDGET_BACKGROUND_COLOR_NAME = WidgetBackground;
				CODE_SIGN_STYLE = Automatic;
				CURRENT_PROJECT_VERSION = 1;
				DEVELOPMENT_TEAM = 3YXB94SL23;
				GENERATE_INFOPLIST_FILE = YES;
				INFOPLIST_FILE = DevoteWidget/Info.plist;
				INFOPLIST_KEY_CFBundleDisplayName = DevoteWidget;
				INFOPLIST_KEY_NSHumanReadableCopyright = "";
				LD_RUNPATH_SEARCH_PATHS = (
					"$(inherited)",
					"@executable_path/Frameworks",
					"@executable_path/../../Frameworks",
				);
				MARKETING_VERSION = 1.0;
				PRODUCT_BUNDLE_IDENTIFIER = com.mindtree.Devote.DevoteWidget;
				PRODUCT_NAME = "$(TARGET_NAME)";
				SKIP_INSTALL = YES;
				SWIFT_EMIT_LOC_STRINGS = YES;
				SWIFT_VERSION = 5.0;
				TARGETED_DEVICE_FAMILY = "1,2";
			};
			name = Debug;
		};
		3B8BFCBD2859A4160095B2A7 /* Release */ = {
			isa = XCBuildConfiguration;
			buildSettings = {
				ASSETCATALOG_COMPILER_GLOBAL_ACCENT_COLOR_NAME = AccentColor;
				ASSETCATALOG_COMPILER_WIDGET_BACKGROUND_COLOR_NAME = WidgetBackground;
				CODE_SIGN_STYLE = Automatic;
				CURRENT_PROJECT_VERSION = 1;
				DEVELOPMENT_TEAM = 3YXB94SL23;
				GENERATE_INFOPLIST_FILE = YES;
				INFOPLIST_FILE = DevoteWidget/Info.plist;
				INFOPLIST_KEY_CFBundleDisplayName = DevoteWidget;
				INFOPLIST_KEY_NSHumanReadableCopyright = "";
				LD_RUNPATH_SEARCH_PATHS = (
					"$(inherited)",
					"@executable_path/Frameworks",
					"@executable_path/../../Frameworks",
				);
				MARKETING_VERSION = 1.0;
				PRODUCT_BUNDLE_IDENTIFIER = com.mindtree.Devote.DevoteWidget;
				PRODUCT_NAME = "$(TARGET_NAME)";
				SKIP_INSTALL = YES;
				SWIFT_EMIT_LOC_STRINGS = YES;
				SWIFT_VERSION = 5.0;
				TARGETED_DEVICE_FAMILY = "1,2";
			};
			name = Release;
		};
/* End XCBuildConfiguration section */

/* Begin XCConfigurationList section */
		3B8BFC70285755FF0095B2A7 /* Build configuration list for PBXProject "Devote" */ = {
			isa = XCConfigurationList;
			buildConfigurations = (
				3B8BFC86285756010095B2A7 /* Debug */,
				3B8BFC87285756010095B2A7 /* Release */,
			);
			defaultConfigurationIsVisible = 0;
			defaultConfigurationName = Release;
		};
		3B8BFC88285756010095B2A7 /* Build configuration list for PBXNativeTarget "Devote" */ = {
			isa = XCConfigurationList;
			buildConfigurations = (
				3B8BFC89285756010095B2A7 /* Debug */,
				3B8BFC8A285756010095B2A7 /* Release */,
			);
			defaultConfigurationIsVisible = 0;
			defaultConfigurationName = Release;
		};
		3B8BFCBB2859A4160095B2A7 /* Build configuration list for PBXNativeTarget "DevoteWidgetExtension" */ = {
			isa = XCConfigurationList;
			buildConfigurations = (
				3B8BFCBC2859A4160095B2A7 /* Debug */,
				3B8BFCBD2859A4160095B2A7 /* Release */,
			);
			defaultConfigurationIsVisible = 0;
			defaultConfigurationName = Release;
		};
/* End XCConfigurationList section */

/* Begin XCVersionGroup section */
		3B8BFC83285756010095B2A7 /* Devote.xcdatamodeld */ = {
			isa = XCVersionGroup;
			children = (
				3B8BFC84285756010095B2A7 /* Devote.xcdatamodel */,
			);
			currentVersion = 3B8BFC84285756010095B2A7 /* Devote.xcdatamodel */;
			path = Devote.xcdatamodeld;
			sourceTree = "<group>";
			versionGroupType = wrapper.xcdatamodel;
		};
/* End XCVersionGroup section */
	};
	rootObject = 3B8BFC6D285755FF0095B2A7 /* Project object */;
}
